
Microsoft Visual Studio Solution File, Format Version 12.00
# Visual Studio Version 16
VisualStudioVersion = 16.0.30413.136
MinimumVisualStudioVersion = 10.0.40219.1
Project("{FAE04EC0-301F-11D3-BF4B-00C04F79EFBC}") = "MVC.SchoolApp.WebApp", "MVC.SchoolApp.WebApp\MVC.SchoolApp.WebApp.csproj", "{3A69403D-C140-4F1A-8610-39F1BA9C5C03}"
EndProject
Project("{FAE04EC0-301F-11D3-BF4B-00C04F79EFBC}") = "MVC.SchoolApp.DataAccess", "MVC.SchoolApp.DataAccess\MVC.SchoolApp.DataAccess.csproj", "{91CD3248-447F-4FDA-B561-F215838C1D74}"
EndProject
Project("{FAE04EC0-301F-11D3-BF4B-00C04F79EFBC}") = "MVC.SchoolApp.Services", "MVC.SchoolApp.Services\MVC.SchoolApp.Services.csproj", "{33D637B7-42A6-4C3A-A5F1-D6E29851901C}"
EndProject
Project("{FAE04EC0-301F-11D3-BF4B-00C04F79EFBC}") = "MVC.SchoolApp.ViewModels", "MVC.SchoolApp.ViewModels\MVC.SchoolApp.ViewModels.csproj", "{511D3E45-6410-46DA-9267-04545D18D174}"
EndProject
Project("{FAE04EC0-301F-11D3-BF4B-00C04F79EFBC}") = "MVC.SchoolApp.DomainModels", "MVC.SchoolApp.DomainModels\MVC.SchoolApp.DomainModels.csproj", "{184C2838-4D7F-4883-865D-9A68D59A1209}"
EndProject
Global
	GlobalSection(SolutionConfigurationPlatforms) = preSolution
		Debug|Any CPU = Debug|Any CPU
		Release|Any CPU = Release|Any CPU
	EndGlobalSection
	GlobalSection(ProjectConfigurationPlatforms) = postSolution
		{3A69403D-C140-4F1A-8610-39F1BA9C5C03}.Debug|Any CPU.ActiveCfg = Debug|Any CPU
		{3A69403D-C140-4F1A-8610-39F1BA9C5C03}.Debug|Any CPU.Build.0 = Debug|Any CPU
		{3A69403D-C140-4F1A-8610-39F1BA9C5C03}.Release|Any CPU.ActiveCfg = Release|Any CPU
		{3A69403D-C140-4F1A-8610-39F1BA9C5C03}.Release|Any CPU.Build.0 = Release|Any CPU
		{91CD3248-447F-4FDA-B561-F215838C1D74}.Debug|Any CPU.ActiveCfg = Debug|Any CPU
		{91CD3248-447F-4FDA-B561-F215838C1D74}.Debug|Any CPU.Build.0 = Debug|Any CPU
		{91CD3248-447F-4FDA-B561-F215838C1D74}.Release|Any CPU.ActiveCfg = Release|Any CPU
		{91CD3248-447F-4FDA-B561-F215838C1D74}.Release|Any CPU.Build.0 = Release|Any CPU
		{33D637B7-42A6-4C3A-A5F1-D6E29851901C}.Debug|Any CPU.ActiveCfg = Debug|Any CPU
		{33D637B7-42A6-4C3A-A5F1-D6E29851901C}.Debug|Any CPU.Build.0 = Debug|Any CPU
		{33D637B7-42A6-4C3A-A5F1-D6E29851901C}.Release|Any CPU.ActiveCfg = Release|Any CPU
		{33D637B7-42A6-4C3A-A5F1-D6E29851901C}.Release|Any CPU.Build.0 = Release|Any CPU
		{511D3E45-6410-46DA-9267-04545D18D174}.Debug|Any CPU.ActiveCfg = Debug|Any CPU
		{511D3E45-6410-46DA-9267-04545D18D174}.Debug|Any CPU.Build.0 = Debug|Any CPU
		{511D3E45-6410-46DA-9267-04545D18D174}.Release|Any CPU.ActiveCfg = Release|Any CPU
		{511D3E45-6410-46DA-9267-04545D18D174}.Release|Any CPU.Build.0 = Release|Any CPU
		{184C2838-4D7F-4883-865D-9A68D59A1209}.Debug|Any CPU.ActiveCfg = Debug|Any CPU
		{184C2838-4D7F-4883-865D-9A68D59A1209}.Debug|Any CPU.Build.0 = Debug|Any CPU
		{184C2838-4D7F-4883-865D-9A68D59A1209}.Release|Any CPU.ActiveCfg = Release|Any CPU
		{184C2838-4D7F-4883-865D-9A68D59A1209}.Release|Any CPU.Build.0 = Release|Any CPU
	EndGlobalSection
	GlobalSection(SolutionProperties) = preSolution
		HideSolutionNode = FALSE
	EndGlobalSection
	GlobalSection(ExtensibilityGlobals) = postSolution
		SolutionGuid = {EF6002B9-E27F-4AD8-B399-E509F7AA1551}
	EndGlobalSection
EndGlobal
